
Microsoft Visual Studio Solution File, Format Version 12.00
# Visual Studio Version 17
VisualStudioVersion = 17.3.32922.545
MinimumVisualStudioVersion = 10.0.40219.1
Project("{FAE04EC0-301F-11D3-BF4B-00C04F79EFBC}") = "LeaveManagement.Web", "LeaveManagement.Web\LeaveManagement.Web.csproj", "{CE8803B0-B8EC-4077-8F7E-C489272B7140}"
EndProject
Global
	GlobalSection(SolutionConfigurationPlatforms) = preSolution
		Debug|Any CPU = Debug|Any CPU
		Release|Any CPU = Release|Any CPU
	EndGlobalSection
	GlobalSection(ProjectConfigurationPlatforms) = postSolution
		{CE8803B0-B8EC-4077-8F7E-C489272B7140}.Debug|Any CPU.ActiveCfg = Debug|Any CPU
		{CE8803B0-B8EC-4077-8F7E-C489272B7140}.Debug|Any CPU.Build.0 = Debug|Any CPU
		{CE8803B0-B8EC-4077-8F7E-C489272B7140}.Release|Any CPU.ActiveCfg = Release|Any CPU
		{CE8803B0-B8EC-4077-8F7E-C489272B7140}.Release|Any CPU.Build.0 = Release|Any CPU
	EndGlobalSection
	GlobalSection(SolutionProperties) = preSolution
		HideSolutionNode = FALSE
	EndGlobalSection
	GlobalSection(ExtensibilityGlobals) = postSolution
		SolutionGuid = {60E59909-3886-456D-AEA0-BF71F3FE75DF}
	EndGlobalSection
EndGlobal
